PODS:
  - SwiftyZeroMQ (1.0.25)

DEPENDENCIES:
  - SwiftyZeroMQ (~> 1.0)

SPEC REPOS:
  https://github.com/CocoaPods/Specs.git:
    - SwiftyZeroMQ

SPEC CHECKSUMS:
  SwiftyZeroMQ: defa66cfbebad5835dd056b4114413670bb061f9

PODFILE CHECKSUM: d6b5d5023df32a3c75abb345c3e9f0a995ea969c

COCOAPODS: 1.14.2
