PODS:
  - SwiftyZeroMQ (1.0.25)

DEPENDENCIES:
  - SwiftyZeroMQ (~> 1.0)

SPEC REPOS:
  https://github.com/CocoaPods/Specs.git:
    - SwiftyZeroMQ

SPEC CHECKSUMS:
  SwiftyZeroMQ: defa66cfbebad5835dd056b4114413670bb061f9

PODFILE CHECKSUM: c4052170920ec0bdd82a6f66e57d57a3ae8ecf1f

COCOAPODS: 1.14.2
